
Microsoft Visual Studio Solution File, Format Version 12.00
# Visual Studio Version 17
VisualStudioVersion = 17.5.33530.505
MinimumVisualStudioVersion = 10.0.40219.1
Project("{FAE04EC0-301F-11D3-BF4B-00C04F79EFBC}") = "Armtek", "Armtek\Armtek.csproj", "{79B9EF2D-0936-4373-BFD7-3CE8CC15D274}"
EndProject
Project("{FAE04EC0-301F-11D3-BF4B-00C04F79EFBC}") = "ConsoleApp1", "ConsoleApp1\ConsoleApp1.csproj", "{1DF70B27-6C87-41BA-9FCF-EA8DD2014B66}"
EndProject
Project("{2150E333-8FDC-42A3-9474-1A3956D46DE8}") = "Web API", "Web API", "{B491999D-F208-4D2D-A92C-74941C77B2B2}"
EndProject
Project("{9A19103F-16F7-4668-BE54-9A1E7A4F7556}") = "Server", "ConsoleApp2\Server\Server.csproj", "{9EBD32FF-69D8-47BB-AEF3-2CA49453C259}"
EndProject
Project("{FAE04EC0-301F-11D3-BF4B-00C04F79EFBC}") = "WpfApp2", "WpfApp2\WpfApp2.csproj", "{47A39B54-8A52-4F87-A383-21CF1113D352}"
EndProject
Project("{2150E333-8FDC-42A3-9474-1A3956D46DE8}") = "Solution Items", "Solution Items", "{B2EAE8F0-F2FB-4ADC-87D9-964B3F84A008}"
	ProjectSection(SolutionItems) = preProject
		.editorconfig = .editorconfig
	EndProjectSection
EndProject
Global
	GlobalSection(SolutionConfigurationPlatforms) = preSolution
		Debug|Any CPU = Debug|Any CPU
		Release|Any CPU = Release|Any CPU
	EndGlobalSection
	GlobalSection(ProjectConfigurationPlatforms) = postSolution
		{79B9EF2D-0936-4373-BFD7-3CE8CC15D274}.Debug|Any CPU.ActiveCfg = Debug|Any CPU
		{79B9EF2D-0936-4373-BFD7-3CE8CC15D274}.Debug|Any CPU.Build.0 = Debug|Any CPU
		{79B9EF2D-0936-4373-BFD7-3CE8CC15D274}.Release|Any CPU.ActiveCfg = Release|Any CPU
		{79B9EF2D-0936-4373-BFD7-3CE8CC15D274}.Release|Any CPU.Build.0 = Release|Any CPU
		{1DF70B27-6C87-41BA-9FCF-EA8DD2014B66}.Debug|Any CPU.ActiveCfg = Debug|Any CPU
		{1DF70B27-6C87-41BA-9FCF-EA8DD2014B66}.Debug|Any CPU.Build.0 = Debug|Any CPU
		{1DF70B27-6C87-41BA-9FCF-EA8DD2014B66}.Release|Any CPU.ActiveCfg = Release|Any CPU
		{1DF70B27-6C87-41BA-9FCF-EA8DD2014B66}.Release|Any CPU.Build.0 = Release|Any CPU
		{9EBD32FF-69D8-47BB-AEF3-2CA49453C259}.Debug|Any CPU.ActiveCfg = Debug|Any CPU
		{9EBD32FF-69D8-47BB-AEF3-2CA49453C259}.Debug|Any CPU.Build.0 = Debug|Any CPU
		{9EBD32FF-69D8-47BB-AEF3-2CA49453C259}.Release|Any CPU.ActiveCfg = Release|Any CPU
		{9EBD32FF-69D8-47BB-AEF3-2CA49453C259}.Release|Any CPU.Build.0 = Release|Any CPU
		{47A39B54-8A52-4F87-A383-21CF1113D352}.Debug|Any CPU.ActiveCfg = Debug|Any CPU
		{47A39B54-8A52-4F87-A383-21CF1113D352}.Debug|Any CPU.Build.0 = Debug|Any CPU
		{47A39B54-8A52-4F87-A383-21CF1113D352}.Release|Any CPU.ActiveCfg = Release|Any CPU
		{47A39B54-8A52-4F87-A383-21CF1113D352}.Release|Any CPU.Build.0 = Release|Any CPU
	EndGlobalSection
	GlobalSection(SolutionProperties) = preSolution
		HideSolutionNode = FALSE
	EndGlobalSection
	GlobalSection(NestedProjects) = preSolution
		{9EBD32FF-69D8-47BB-AEF3-2CA49453C259} = {B491999D-F208-4D2D-A92C-74941C77B2B2}
		{47A39B54-8A52-4F87-A383-21CF1113D352} = {B491999D-F208-4D2D-A92C-74941C77B2B2}
	EndGlobalSection
	GlobalSection(ExtensibilityGlobals) = postSolution
		SolutionGuid = {01139722-5CB0-43E3-BB37-D10391A712AF}
	EndGlobalSection
EndGlobal
